// !$*UTF8*$!
{
	archiveVersion = 1;
	classes = {
	};
	objectVersion = 55;
	objects = {

/* Begin PBXBuildFile section */
		51F65DDA283588CA00E0D1E0 /* AppDelegate.swift in Sources */ = {isa = PBXBuildFile; fileRef = 51F65DD9283588CA00E0D1E0 /* AppDelegate.swift */; };
		51F65DDC283588CA00E0D1E0 /* GameScene.sks in Resources */ = {isa = PBXBuildFile; fileRef = 51F65DDB283588CA00E0D1E0 /* GameScene.sks */; };
		51F65DE0283588CA00E0D1E0 /* GameScene.swift in Sources */ = {isa = PBXBuildFile; fileRef = 51F65DDF283588CA00E0D1E0 /* GameScene.swift */; };
		51F65DE2283588CA00E0D1E0 /* ViewController.swift in Sources */ = {isa = PBXBuildFile; fileRef = 51F65DE1283588CA00E0D1E0 /* ViewController.swift */; };
		51F65DE4283588CB00E0D1E0 /* Assets.xcassets in Resources */ = {isa = PBXBuildFile; fileRef = 51F65DE3283588CB00E0D1E0 /* Assets.xcassets */; };
		51F65DE7283588CB00E0D1E0 /* Main.storyboard in Resources */ = {isa = PBXBuildFile; fileRef = 51F65DE5283588CB00E0D1E0 /* Main.storyboard */; };
		51F65DF128358C8A00E0D1E0 /* Ball.swift in Sources */ = {isa = PBXBuildFile; fileRef = 51F65DF028358C8A00E0D1E0 /* Ball.swift */; };
		51F65DF3283591B900E0D1E0 /* Fire.sks in Resources */ = {isa = PBXBuildFile; fileRef = 51F65DF2283591B900E0D1E0 /* Fire.sks */; };
/* End PBXBuildFile section */

/* Begin PBXFileReference section */
		51F65DD6283588CA00E0D1E0 /* MatchThree.app */ = {isa = PBXFileReference; explicitFileType = wrapper.application; includeInIndex = 0; path = MatchThree.app; sourceTree = BUILT_PRODUCTS_DIR; };
		51F65DD9283588CA00E0D1E0 /* AppDelegate.swift */ = {isa = PBXFileReference; lastKnownFileType = sourcecode.swift; path = AppDelegate.swift; sourceTree = "<group>"; };
		51F65DDB283588CA00E0D1E0 /* GameScene.sks */ = {isa = PBXFileReference; lastKnownFileType = file.sks; path = GameScene.sks; sourceTree = "<group>"; };
		51F65DDF283588CA00E0D1E0 /* GameScene.swift */ = {isa = PBXFileReference; lastKnownFileType = sourcecode.swift; path = GameScene.swift; sourceTree = "<group>"; };
		51F65DE1283588CA00E0D1E0 /* ViewController.swift */ = {isa = PBXFileReference; lastKnownFileType = sourcecode.swift; path = ViewController.swift; sourceTree = "<group>"; };
		51F65DE3283588CB00E0D1E0 /* Assets.xcassets */ = {isa = PBXFileReference; lastKnownFileType = folder.assetcatalog; path = Assets.xcassets; sourceTree = "<group>"; };
		51F65DE6283588CB00E0D1E0 /* Base */ = {isa = PBXFileReference; lastKnownFileType = file.storyboard; name = Base; path = Base.lproj/Main.storyboard; sourceTree = "<group>"; };
		51F65DE8283588CB00E0D1E0 /* MatchThree.entitlements */ = {isa = PBXFileReference; lastKnownFileType = text.plist.entitlements; path = MatchThree.entitlements; sourceTree = "<group>"; };
		51F65DF028358C8A00E0D1E0 /* Ball.swift */ = {isa = PBXFileReference; lastKnownFileType = sourcecode.swift; path = Ball.swift; sourceTree = "<group>"; };
		51F65DF2283591B900E0D1E0 /* Fire.sks */ = {isa = PBXFileReference; lastKnownFileType = file.sks; path = Fire.sks; sourceTree = "<group>"; };
/* End PBXFileReference section */

/* Begin PBXFrameworksBuildPhase section */
		51F65DD3283588CA00E0D1E0 /* Frameworks */ = {
			isa = PBXFrameworksBuildPhase;
			buildActionMask = 2147483647;
			files = (
			);
			runOnlyForDeploymentPostprocessing = 0;
		};
/* End PBXFrameworksBuildPhase section */

/* Begin PBXGroup section */
		51F65DCD283588CA00E0D1E0 = {
			isa = PBXGroup;
			children = (
				51F65DD8283588CA00E0D1E0 /* MatchThree */,
				51F65DD7283588CA00E0D1E0 /* Products */,
			);
			sourceTree = "<group>";
		};
		51F65DD7283588CA00E0D1E0 /* Products */ = {
			isa = PBXGroup;
			children = (
				51F65DD6283588CA00E0D1E0 /* MatchThree.app */,
			);
			name = Products;
			sourceTree = "<group>";
		};
		51F65DD8283588CA00E0D1E0 /* MatchThree */ = {
			isa = PBXGroup;
			children = (
				51F65DD9283588CA00E0D1E0 /* AppDelegate.swift */,
				51F65DDB283588CA00E0D1E0 /* GameScene.sks */,
				51F65DDF283588CA00E0D1E0 /* GameScene.swift */,
				51F65DE1283588CA00E0D1E0 /* ViewController.swift */,
				51F65DE3283588CB00E0D1E0 /* Assets.xcassets */,
				51F65DF2283591B900E0D1E0 /* Fire.sks */,
				51F65DF028358C8A00E0D1E0 /* Ball.swift */,
				51F65DE5283588CB00E0D1E0 /* Main.storyboard */,
				51F65DE8283588CB00E0D1E0 /* MatchThree.entitlements */,
			);
			path = MatchThree;
			sourceTree = "<group>";
		};
/* End PBXGroup section */

/* Begin PBXNativeTarget section */
		51F65DD5283588CA00E0D1E0 /* MatchThree */ = {
			isa = PBXNativeTarget;
			buildConfigurationList = 51F65DEB283588CB00E0D1E0 /* Build configuration list for PBXNativeTarget "MatchThree" */;
			buildPhases = (
				51F65DD2283588CA00E0D1E0 /* Sources */,
				51F65DD3283588CA00E0D1E0 /* Frameworks */,
				51F65DD4283588CA00E0D1E0 /* Resources */,
			);
			buildRules = (
			);
			dependencies = (
			);
			name = MatchThree;
			productName = MatchThree;
			productReference = 51F65DD6283588CA00E0D1E0 /* MatchThree.app */;
			productType = "com.apple.product-type.application";
		};
/* End PBXNativeTarget section */

/* Begin PBXProject section */
		51F65DCE283588CA00E0D1E0 /* Project object */ = {
			isa = PBXProject;
			attributes = {
				BuildIndependentTargetsInParallel = 1;
				LastSwiftUpdateCheck = 1330;
				LastUpgradeCheck = 1330;
				TargetAttributes = {
					51F65DD5283588CA00E0D1E0 = {
						CreatedOnToolsVersion = 13.3.1;
					};
				};
			};
			buildConfigurationList = 51F65DD1283588CA00E0D1E0 /* Build configuration list for PBXProject "MatchThree" */;
			compatibilityVersion = "Xcode 13.0";
			developmentRegion = en;
			hasScannedForEncodings = 0;
			knownRegions = (
				en,
				Base,
			);
			mainGroup = 51F65DCD283588CA00E0D1E0;
			productRefGroup = 51F65DD7283588CA00E0D1E0 /* Products */;
			projectDirPath = "";
			projectRoot = "";
			targets = (
				51F65DD5283588CA00E0D1E0 /* MatchThree */,
			);
		};
/* End PBXProject section */

/* Begin PBXResourcesBuildPhase section */
		51F65DD4283588CA00E0D1E0 /* Resources */ = {
			isa = PBXResourcesBuildPhase;
			buildActionMask = 2147483647;
			files = (
				51F65DDC283588CA00E0D1E0 /* GameScene.sks in Resources */,
				51F65DF3283591B900E0D1E0 /* Fire.sks in Resources */,
				51F65DE4283588CB00E0D1E0 /* Assets.xcassets in Resources */,
				51F65DE7283588CB00E0D1E0 /* Main.storyboard in Resources */,
			);
			runOnlyForDeploymentPostprocessing = 0;
		};
/* End PBXResourcesBuildPhase section */

/* Begin PBXSourcesBuildPhase section */
		51F65DD2283588CA00E0D1E0 /* Sources */ = {
			isa = PBXSourcesBuildPhase;
			buildActionMask = 2147483647;
			files = (
				51F65DF128358C8A00E0D1E0 /* Ball.swift in Sources */,
				51F65DE2283588CA00E0D1E0 /* ViewController.swift in Sources */,
				51F65DE0283588CA00E0D1E0 /* GameScene.swift in Sources */,
				51F65DDA283588CA00E0D1E0 /* AppDelegate.swift in Sources */,
			);
			runOnlyForDeploymentPostprocessing = 0;
		};
/* End PBXSourcesBuildPhase section */

/* Begin PBXVariantGroup section */
		51F65DE5283588CB00E0D1E0 /* Main.storyboard */ = {
			isa = PBXVariantGroup;
			children = (
				51F65DE6283588CB00E0D1E0 /* Base */,
			);
			name = Main.storyboard;
			sourceTree = "<group>";
		};
/* End PBXVariantGroup section */

/* Begin XCBuildConfiguration section */
		51F65DE9283588CB00E0D1E0 /* Debug */ = {
			isa = XCBuildConfiguration;
			buildSettings = {
				ALWAYS_SEARCH_USER_PATHS = NO;
				CLANG_ANALYZER_NONNULL = YES;
				CLANG_ANALYZER_NUMBER_OBJECT_CONVERSION = YES_AGGRESSIVE;
				CLANG_CXX_LANGUAGE_STANDARD = "gnu++17";
				CLANG_ENABLE_MODULES = YES;
				CLANG_ENABLE_OBJC_ARC = YES;
				CLANG_ENABLE_OBJC_WEAK = YES;
				CLANG_WARN_BLOCK_CAPTURE_AUTORELEASING = YES;
				CLANG_WARN_BOOL_CONVERSION = YES;
				CLANG_WARN_COMMA = YES;
				CLANG_WARN_CONSTANT_CONVERSION = YES;
				CLANG_WARN_DEPRECATED_OBJC_IMPLEMENTATIONS = YES;
				CLANG_WARN_DIRECT_OBJC_ISA_USAGE = YES_ERROR;
				CLANG_WARN_DOCUMENTATION_COMMENTS = YES;
				CLANG_WARN_EMPTY_BODY = YES;
				CLANG_WARN_ENUM_CONVERSION = YES;
				CLANG_WARN_INFINITE_RECURSION = YES;
				CLANG_WARN_INT_CONVERSION = YES;
				CLANG_WARN_NON_LITERAL_NULL_CONVERSION = YES;
				CLANG_WARN_OBJC_IMPLICIT_RETAIN_SELF = YES;
				CLANG_WARN_OBJC_LITERAL_CONVERSION = YES;
				CLANG_WARN_OBJC_ROOT_CLASS = YES_ERROR;
				CLANG_WARN_QUOTED_INCLUDE_IN_FRAMEWORK_HEADER = YES;
				CLANG_WARN_RANGE_LOOP_ANALYSIS = YES;
				CLANG_WARN_STRICT_PROTOTYPES = YES;
				CLANG_WARN_SUSPICIOUS_MOVE = YES;
				CLANG_WARN_UNGUARDED_AVAILABILITY = YES_AGGRESSIVE;
				CLANG_WARN_UNREACHABLE_CODE = YES;
				CLANG_WARN__DUPLICATE_METHOD_MATCH = YES;
				COPY_PHASE_STRIP = NO;
				DEBUG_INFORMATION_FORMAT = dwarf;
				ENABLE_STRICT_OBJC_MSGSEND = YES;
				ENABLE_TESTABILITY = YES;
				GCC_C_LANGUAGE_STANDARD = gnu11;
				GCC_DYNAMIC_NO_PIC = NO;
				GCC_NO_COMMON_BLOCKS = YES;
				GCC_OPTIMIZATION_LEVEL = 0;
				GCC_PREPROCESSOR_DEFINITIONS = (
					"DEBUG=1",
					"$(inherited)",
				);
				GCC_WARN_64_TO_32_BIT_CONVERSION = YES;
				GCC_WARN_ABOUT_RETURN_TYPE = YES_ERROR;
				GCC_WARN_UNDECLARED_SELECTOR = YES;
				GCC_WARN_UNINITIALIZED_AUTOS = YES_AGGRESSIVE;
				GCC_WARN_UNUSED_FUNCTION = YES;
				GCC_WARN_UNUSED_VARIABLE = YES;
				MACOSX_DEPLOYMENT_TARGET = 12.3;
				MTL_ENABLE_DEBUG_INFO = INCLUDE_SOURCE;
				MTL_FAST_MATH = YES;
				ONLY_ACTIVE_ARCH = YES;
				SDKROOT = macosx;
				SWIFT_ACTIVE_COMPILATION_CONDITIONS = DEBUG;
				SWIFT_OPTIMIZATION_LEVEL = "-Onone";
			};
			name = Debug;
		};
		51F65DEA283588CB00E0D1E0 /* Release */ = {
			isa = XCBuildConfiguration;
			buildSettings = {
				ALWAYS_SEARCH_USER_PATHS = NO;
				CLANG_ANALYZER_NONNULL = YES;
				CLANG_ANALYZER_NUMBER_OBJECT_CONVERSION = YES_AGGRESSIVE;
				CLANG_CXX_LANGUAGE_STANDARD = "gnu++17";
				CLANG_ENABLE_MODULES = YES;
				CLANG_ENABLE_OBJC_ARC = YES;
				CLANG_ENABLE_OBJC_WEAK = YES;
				CLANG_WARN_BLOCK_CAPTURE_AUTORELEASING = YES;
				CLANG_WARN_BOOL_CONVERSION = YES;
				CLANG_WARN_COMMA = YES;
				CLANG_WARN_CONSTANT_CONVERSION = YES;
				CLANG_WARN_DEPRECATED_OBJC_IMPLEMENTATIONS = YES;
				CLANG_WARN_DIRECT_OBJC_ISA_USAGE = YES_ERROR;
				CLANG_WARN_DOCUMENTATION_COMMENTS = YES;
				CLANG_WARN_EMPTY_BODY = YES;
				CLANG_WARN_ENUM_CONVERSION = YES;
				CLANG_WARN_INFINITE_RECURSION = YES;
				CLANG_WARN_INT_CONVERSION = YES;
				CLANG_WARN_NON_LITERAL_NULL_CONVERSION = YES;
				CLANG_WARN_OBJC_IMPLICIT_RETAIN_SELF = YES;
				CLANG_WARN_OBJC_LITERAL_CONVERSION = YES;
				CLANG_WARN_OBJC_ROOT_CLASS = YES_ERROR;
				CLANG_WARN_QUOTED_INCLUDE_IN_FRAMEWORK_HEADER = YES;
				CLANG_WARN_RANGE_LOOP_ANALYSIS = YES;
				CLANG_WARN_STRICT_PROTOTYPES = YES;
				CLANG_WARN_SUSPICIOUS_MOVE = YES;
				CLANG_WARN_UNGUARDED_AVAILABILITY = YES_AGGRESSIVE;
				CLANG_WARN_UNREACHABLE_CODE = YES;
				CLANG_WARN__DUPLICATE_METHOD_MATCH = YES;
				COPY_PHASE_STRIP = NO;
				DEBUG_INFORMATION_FORMAT = "dwarf-with-dsym";
				ENABLE_NS_ASSERTIONS = NO;
				ENABLE_STRICT_OBJC_MSGSEND = YES;
				GCC_C_LANGUAGE_STANDARD = gnu11;
				GCC_NO_COMMON_BLOCKS = YES;
				GCC_WARN_64_TO_32_BIT_CONVERSION = YES;
				GCC_WARN_ABOUT_RETURN_TYPE = YES_ERROR;
				GCC_WARN_UNDECLARED_SELECTOR = YES;
				GCC_WARN_UNINITIALIZED_AUTOS = YES_AGGRESSIVE;
				GCC_WARN_UNUSED_FUNCTION = YES;
				GCC_WARN_UNUSED_VARIABLE = YES;
				MACOSX_DEPLOYMENT_TARGET = 12.3;
				MTL_ENABLE_DEBUG_INFO = NO;
				MTL_FAST_MATH = YES;
				SDKROOT = macosx;
				SWIFT_COMPILATION_MODE = wholemodule;
				SWIFT_OPTIMIZATION_LEVEL = "-O";
			};
			name = Release;
		};
		51F65DEC283588CB00E0D1E0 /* Debug */ = {
			isa = XCBuildConfiguration;
			buildSettings = {
				ASSETCATALOG_COMPILER_APPICON_NAME = AppIcon;
				ASSETCATALOG_COMPILER_GLOBAL_ACCENT_COLOR_NAME = AccentColor;
				CODE_SIGN_ENTITLEMENTS = MatchThree/MatchThree.entitlements;
				CODE_SIGN_STYLE = Automatic;
				COMBINE_HIDPI_IMAGES = YES;
				CURRENT_PROJECT_VERSION = 1;
				DEVELOPMENT_TEAM = B5C26XE59E;
				ENABLE_HARDENED_RUNTIME = YES;
				GENERATE_INFOPLIST_FILE = YES;
				INFOPLIST_KEY_NSHumanReadableCopyright = "";
				INFOPLIST_KEY_NSMainStoryboardFile = Main;
				INFOPLIST_KEY_NSPrincipalClass = NSApplication;
				LD_RUNPATH_SEARCH_PATHS = (
					"$(inherited)",
					"@executable_path/../Frameworks",
				);
				MARKETING_VERSION = 1.0;
				PRODUCT_BUNDLE_IDENTIFIER = com.hackingwithswift.MatchThree;
				PRODUCT_NAME = "$(TARGET_NAME)";
				SWIFT_EMIT_LOC_STRINGS = YES;
				SWIFT_VERSION = 5.0;
			};
			name = Debug;
		};
		51F65DED283588CB00E0D1E0 /* Release */ = {
			isa = XCBuildConfiguration;
			buildSettings = {
				ASSETCATALOG_COMPILER_APPICON_NAME = AppIcon;
				ASSETCATALOG_COMPILER_GLOBAL_ACCENT_COLOR_NAME = AccentColor;
				CODE_SIGN_ENTITLEMENTS = MatchThree/MatchThree.entitlements;
				CODE_SIGN_STYLE = Automatic;
				COMBINE_HIDPI_IMAGES = YES;
				CURRENT_PROJECT_VERSION = 1;
				DEVELOPMENT_TEAM = B5C26XE59E;
				ENABLE_HARDENED_RUNTIME = YES;
				GENERATE_INFOPLIST_FILE = YES;
				INFOPLIST_KEY_NSHumanReadableCopyright = "";
				INFOPLIST_KEY_NSMainStoryboardFile = Main;
				INFOPLIST_KEY_NSPrincipalClass = NSApplication;
				LD_RUNPATH_SEARCH_PATHS = (
					"$(inherited)",
					"@executable_path/../Frameworks",
				);
				MARKETING_VERSION = 1.0;
				PRODUCT_BUNDLE_IDENTIFIER = com.hackingwithswift.MatchThree;
				PRODUCT_NAME = "$(TARGET_NAME)";
				SWIFT_EMIT_LOC_STRINGS = YES;
				SWIFT_VERSION = 5.0;
			};
			name = Release;
		};
/* End XCBuildConfiguration section */

/* Begin XCConfigurationList section */
		51F65DD1283588CA00E0D1E0 /* Build configuration list for PBXProject "MatchThree" */ = {
			isa = XCConfigurationList;
			buildConfigurations = (
				51F65DE9283588CB00E0D1E0 /* Debug */,
				51F65DEA283588CB00E0D1E0 /* Release */,
			);
			defaultConfigurationIsVisible = 0;
			defaultConfigurationName = Release;
		};
		51F65DEB283588CB00E0D1E0 /* Build configuration list for PBXNativeTarget "MatchThree" */ = {
			isa = XCConfigurationList;
			buildConfigurations = (
				51F65DEC283588CB00E0D1E0 /* Debug */,
				51F65DED283588CB00E0D1E0 /* Release */,
			);
			defaultConfigurationIsVisible = 0;
			defaultConfigurationName = Release;
		};
/* End XCConfigurationList section */
	};
	rootObject = 51F65DCE283588CA00E0D1E0 /* Project object */;
}
